
Microsoft Visual Studio Solution File, Format Version 12.00
# Visual Studio Version 17
VisualStudioVersion = 17.1.32407.343
MinimumVisualStudioVersion = 10.0.40219.1
Project("{FAE04EC0-301F-11D3-BF4B-00C04F79EFBC}") = "Exec_List", "Exec_List\Exec_List.csproj", "{1E6755B2-BE8B-445A-A67E-33268822417D}"
EndProject
Global
	GlobalSection(SolutionConfigurationPlatforms) = preSolution
		Debug|Any CPU = Debug|Any CPU
		Release|Any CPU = Release|Any CPU
	EndGlobalSection
	GlobalSection(ProjectConfigurationPlatforms) = postSolution
		{1E6755B2-BE8B-445A-A67E-33268822417D}.Debug|Any CPU.ActiveCfg = Debug|Any CPU
		{1E6755B2-BE8B-445A-A67E-33268822417D}.Debug|Any CPU.Build.0 = Debug|Any CPU
		{1E6755B2-BE8B-445A-A67E-33268822417D}.Release|Any CPU.ActiveCfg = Release|Any CPU
		{1E6755B2-BE8B-445A-A67E-33268822417D}.Release|Any CPU.Build.0 = Release|Any CPU
	EndGlobalSection
	GlobalSection(SolutionProperties) = preSolution
		HideSolutionNode = FALSE
	EndGlobalSection
	GlobalSection(ExtensibilityGlobals) = postSolution
		SolutionGuid = {92E43EEC-8597-40CF-8171-1FD92DB0C208}
	EndGlobalSection
EndGlobal
